
Microsoft Visual Studio Solution File, Format Version 12.00
# Visual Studio Version 17
VisualStudioVersion = 17.7.34024.191
MinimumVisualStudioVersion = 10.0.40219.1
Project("{FAE04EC0-301F-11D3-BF4B-00C04F79EFBC}") = "Tutorial1", "Tutorial1.csproj", "{FD0BCB3C-0CD2-4D33-AF3C-3B21AC9BEE80}"
EndProject
Global
	GlobalSection(SolutionConfigurationPlatforms) = preSolution
		Debug|Any CPU = Debug|Any CPU
		Release|Any CPU = Release|Any CPU
	EndGlobalSection
	GlobalSection(ProjectConfigurationPlatforms) = postSolution
		{FD0BCB3C-0CD2-4D33-AF3C-3B21AC9BEE80}.Debug|Any CPU.ActiveCfg = Debug|Any CPU
		{FD0BCB3C-0CD2-4D33-AF3C-3B21AC9BEE80}.Debug|Any CPU.Build.0 = Debug|Any CPU
		{FD0BCB3C-0CD2-4D33-AF3C-3B21AC9BEE80}.Release|Any CPU.ActiveCfg = Release|Any CPU
		{FD0BCB3C-0CD2-4D33-AF3C-3B21AC9BEE80}.Release|Any CPU.Build.0 = Release|Any CPU
	EndGlobalSection
	GlobalSection(SolutionProperties) = preSolution
		HideSolutionNode = FALSE
	EndGlobalSection
	GlobalSection(ExtensibilityGlobals) = postSolution
		SolutionGuid = {C16E5449-B0AC-4A1F-AB4A-2EF50E60B1AC}
	EndGlobalSection
EndGlobal
